
Microsoft Visual Studio Solution File, Format Version 12.00
# Visual Studio 14
VisualStudioVersion = 14.0.25420.1
MinimumVisualStudioVersion = 10.0.40219.1
Project("{FAE04EC0-301F-11D3-BF4B-00C04F79EFBC}") = "Net.Chdk.Detectors.Software.Sdm", "Net.Chdk.Detectors.Software.Sdm.csproj", "{504544AB-5343-4AE9-9935-7B004BF4ED8B}"
EndProject
Project("{D954291E-2A0B-460D-934E-DC6B0785DB48}") = "Net.Chdk.Shared", "..\..\..\Net.Chdk.Core\src\Net.Chdk.Shared\Net.Chdk.Shared.shproj", "{83C6A77C-3286-4F5F-B628-3B971097AD05}"
EndProject
Project("{FAE04EC0-301F-11D3-BF4B-00C04F79EFBC}") = "Net.Chdk.Detectors.Software.Core", "..\..\..\Net.Chdk.Detectors.Software.Core\src\Net.Chdk.Detectors.Software.Core\Net.Chdk.Detectors.Software.Core.csproj", "{D385AB93-0DB5-45AA-994A-5E4B671BEF40}"
EndProject
Project("{FAE04EC0-301F-11D3-BF4B-00C04F79EFBC}") = "Net.Chdk.Model.Card", "..\..\..\Net.Chdk.Model.Card\src\Net.Chdk.Model.Card\Net.Chdk.Model.Card.csproj", "{A41D61FE-2FB8-4892-AC7D-ECEE7E61C637}"
EndProject
Project("{FAE04EC0-301F-11D3-BF4B-00C04F79EFBC}") = "Net.Chdk.Model.Software", "..\..\..\Net.Chdk.Model.Software\src\Net.Chdk.Model.Software\Net.Chdk.Model.Software.csproj", "{7F492AD5-C9E5-4E13-9587-D0B88BA8D209}"
EndProject
Project("{FAE04EC0-301F-11D3-BF4B-00C04F79EFBC}") = "Net.Chdk.Detectors.Core", "..\..\..\Net.Chdk.Detectors.Core\src\Net.Chdk.Detectors.Core\Net.Chdk.Detectors.Core.csproj", "{B5899F00-8BD7-4776-A677-86177A796146}"
EndProject
Project("{FAE04EC0-301F-11D3-BF4B-00C04F79EFBC}") = "Net.Chdk.Core", "..\..\..\Net.Chdk.Core\src\Net.Chdk.Core\Net.Chdk.Core.csproj", "{6C183A9C-30C1-47E5-9016-48890EC8ABA2}"
EndProject
Project("{FAE04EC0-301F-11D3-BF4B-00C04F79EFBC}") = "Net.Chdk.Encoders.DancingBits", "..\..\..\Net.Chdk.Encoders.DancingBits\src\Net.Chdk.Encoders.DancingBits\Net.Chdk.Encoders.DancingBits.csproj", "{62DA1E42-36A6-4FA5-8439-6634D47FDBF3}"
EndProject
Project("{FAE04EC0-301F-11D3-BF4B-00C04F79EFBC}") = "Net.Chdk.Validators.Core", "..\..\..\Net.Chdk.Validators.Core\src\Net.Chdk.Validators.Core\Net.Chdk.Validators.Core.csproj", "{850646A6-01CE-48D5-9868-0D1CFC4F48D5}"
EndProject
Project("{FAE04EC0-301F-11D3-BF4B-00C04F79EFBC}") = "Net.Chdk.Providers.Boot.Core", "..\..\..\Net.Chdk.Providers.Boot.Core\src\Net.Chdk.Providers.Boot.Core\Net.Chdk.Providers.Boot.Core.csproj", "{4E4FA15A-4A88-4CAF-A8E1-FC507177EAD4}"
EndProject
Project("{FAE04EC0-301F-11D3-BF4B-00C04F79EFBC}") = "Net.Chdk.Detectors.Software.Binary", "..\..\..\Net.Chdk.Detectors.Software.Binary\src\Net.Chdk.Detectors.Software.Binary\Net.Chdk.Detectors.Software.Binary.csproj", "{18181475-991A-41F3-9BBE-F0F0916D8814}"
EndProject
Global
	GlobalSection(SharedMSBuildProjectFiles) = preSolution
		..\..\..\Net.Chdk.Core\src\Net.Chdk.Shared\Net.Chdk.Shared.projitems*{18181475-991a-41f3-9bbe-f0f0916d8814}*SharedItemsImports = 4
		..\..\..\Net.Chdk.Core\src\Net.Chdk.Shared\Net.Chdk.Shared.projitems*{4e4fa15a-4a88-4caf-a8e1-fc507177ead4}*SharedItemsImports = 4
		..\..\..\Net.Chdk.Core\src\Net.Chdk.Shared\Net.Chdk.Shared.projitems*{504544ab-5343-4ae9-9935-7b004bf4ed8b}*SharedItemsImports = 4
		..\..\..\Net.Chdk.Core\src\Net.Chdk.Shared\Net.Chdk.Shared.projitems*{62da1e42-36a6-4fa5-8439-6634d47fdbf3}*SharedItemsImports = 4
		..\..\..\Net.Chdk.Core\src\Net.Chdk.Shared\Net.Chdk.Shared.projitems*{6c183a9c-30c1-47e5-9016-48890ec8aba2}*SharedItemsImports = 4
		..\..\..\Net.Chdk.Core\src\Net.Chdk.Shared\Net.Chdk.Shared.projitems*{7f492ad5-c9e5-4e13-9587-d0b88ba8d209}*SharedItemsImports = 4
		..\..\..\Net.Chdk.Core\src\Net.Chdk.Shared\Net.Chdk.Shared.projitems*{83c6a77c-3286-4f5f-b628-3b971097ad05}*SharedItemsImports = 13
		..\..\..\Net.Chdk.Core\src\Net.Chdk.Shared\Net.Chdk.Shared.projitems*{850646a6-01ce-48d5-9868-0d1cfc4f48d5}*SharedItemsImports = 4
		..\..\..\Net.Chdk.Core\src\Net.Chdk.Shared\Net.Chdk.Shared.projitems*{a41d61fe-2fb8-4892-ac7d-ecee7e61c637}*SharedItemsImports = 4
		..\..\..\Net.Chdk.Core\src\Net.Chdk.Shared\Net.Chdk.Shared.projitems*{b5899f00-8bd7-4776-a677-86177a796146}*SharedItemsImports = 4
		..\..\..\Net.Chdk.Core\src\Net.Chdk.Shared\Net.Chdk.Shared.projitems*{d385ab93-0db5-45aa-994a-5e4b671bef40}*SharedItemsImports = 4
	EndGlobalSection
	GlobalSection(SolutionConfigurationPlatforms) = preSolution
		Debug|Any CPU = Debug|Any CPU
		Release|Any CPU = Release|Any CPU
	EndGlobalSection
	GlobalSection(ProjectConfigurationPlatforms) = postSolution
		{504544AB-5343-4AE9-9935-7B004BF4ED8B}.Debug|Any CPU.ActiveCfg = Debug|Any CPU
		{504544AB-5343-4AE9-9935-7B004BF4ED8B}.Debug|Any CPU.Build.0 = Debug|Any CPU
		{504544AB-5343-4AE9-9935-7B004BF4ED8B}.Release|Any CPU.ActiveCfg = Release|Any CPU
		{504544AB-5343-4AE9-9935-7B004BF4ED8B}.Release|Any CPU.Build.0 = Release|Any CPU
		{D385AB93-0DB5-45AA-994A-5E4B671BEF40}.Debug|Any CPU.ActiveCfg = Debug|Any CPU
		{D385AB93-0DB5-45AA-994A-5E4B671BEF40}.Debug|Any CPU.Build.0 = Debug|Any CPU
		{D385AB93-0DB5-45AA-994A-5E4B671BEF40}.Release|Any CPU.ActiveCfg = Release|Any CPU
		{D385AB93-0DB5-45AA-994A-5E4B671BEF40}.Release|Any CPU.Build.0 = Release|Any CPU
		{A41D61FE-2FB8-4892-AC7D-ECEE7E61C637}.Debug|Any CPU.ActiveCfg = Debug|Any CPU
		{A41D61FE-2FB8-4892-AC7D-ECEE7E61C637}.Debug|Any CPU.Build.0 = Debug|Any CPU
		{A41D61FE-2FB8-4892-AC7D-ECEE7E61C637}.Release|Any CPU.ActiveCfg = Release|Any CPU
		{A41D61FE-2FB8-4892-AC7D-ECEE7E61C637}.Release|Any CPU.Build.0 = Release|Any CPU
		{7F492AD5-C9E5-4E13-9587-D0B88BA8D209}.Debug|Any CPU.ActiveCfg = Debug|Any CPU
		{7F492AD5-C9E5-4E13-9587-D0B88BA8D209}.Debug|Any CPU.Build.0 = Debug|Any CPU
		{7F492AD5-C9E5-4E13-9587-D0B88BA8D209}.Release|Any CPU.ActiveCfg = Release|Any CPU
		{7F492AD5-C9E5-4E13-9587-D0B88BA8D209}.Release|Any CPU.Build.0 = Release|Any CPU
		{B5899F00-8BD7-4776-A677-86177A796146}.Debug|Any CPU.ActiveCfg = Debug|Any CPU
		{B5899F00-8BD7-4776-A677-86177A796146}.Debug|Any CPU.Build.0 = Debug|Any CPU
		{B5899F00-8BD7-4776-A677-86177A796146}.Release|Any CPU.ActiveCfg = Release|Any CPU
		{B5899F00-8BD7-4776-A677-86177A796146}.Release|Any CPU.Build.0 = Release|Any CPU
		{6C183A9C-30C1-47E5-9016-48890EC8ABA2}.Debug|Any CPU.ActiveCfg = Debug|Any CPU
		{6C183A9C-30C1-47E5-9016-48890EC8ABA2}.Debug|Any CPU.Build.0 = Debug|Any CPU
		{6C183A9C-30C1-47E5-9016-48890EC8ABA2}.Release|Any CPU.ActiveCfg = Release|Any CPU
		{6C183A9C-30C1-47E5-9016-48890EC8ABA2}.Release|Any CPU.Build.0 = Release|Any CPU
		{62DA1E42-36A6-4FA5-8439-6634D47FDBF3}.Debug|Any CPU.ActiveCfg = Debug|Any CPU
		{62DA1E42-36A6-4FA5-8439-6634D47FDBF3}.Debug|Any CPU.Build.0 = Debug|Any CPU
		{62DA1E42-36A6-4FA5-8439-6634D47FDBF3}.Release|Any CPU.ActiveCfg = Release|Any CPU
		{62DA1E42-36A6-4FA5-8439-6634D47FDBF3}.Release|Any CPU.Build.0 = Release|Any CPU
		{850646A6-01CE-48D5-9868-0D1CFC4F48D5}.Debug|Any CPU.ActiveCfg = Debug|Any CPU
		{850646A6-01CE-48D5-9868-0D1CFC4F48D5}.Debug|Any CPU.Build.0 = Debug|Any CPU
		{850646A6-01CE-48D5-9868-0D1CFC4F48D5}.Release|Any CPU.ActiveCfg = Release|Any CPU
		{850646A6-01CE-48D5-9868-0D1CFC4F48D5}.Release|Any CPU.Build.0 = Release|Any CPU
		{4E4FA15A-4A88-4CAF-A8E1-FC507177EAD4}.Debug|Any CPU.ActiveCfg = Debug|Any CPU
		{4E4FA15A-4A88-4CAF-A8E1-FC507177EAD4}.Debug|Any CPU.Build.0 = Debug|Any CPU
		{4E4FA15A-4A88-4CAF-A8E1-FC507177EAD4}.Release|Any CPU.ActiveCfg = Release|Any CPU
		{4E4FA15A-4A88-4CAF-A8E1-FC507177EAD4}.Release|Any CPU.Build.0 = Release|Any CPU
		{18181475-991A-41F3-9BBE-F0F0916D8814}.Debug|Any CPU.ActiveCfg = Debug|Any CPU
		{18181475-991A-41F3-9BBE-F0F0916D8814}.Debug|Any CPU.Build.0 = Debug|Any CPU
		{18181475-991A-41F3-9BBE-F0F0916D8814}.Release|Any CPU.ActiveCfg = Release|Any CPU
		{18181475-991A-41F3-9BBE-F0F0916D8814}.Release|Any CPU.Build.0 = Release|Any CPU
	EndGlobalSection
	GlobalSection(SolutionProperties) = preSolution
		HideSolutionNode = FALSE
	EndGlobalSection
EndGlobal
